
Microsoft Visual Studio Solution File, Format Version 12.00
# Visual Studio Version 17
VisualStudioVersion = 17.8.34525.116
MinimumVisualStudioVersion = 10.0.40219.1
Project("{FAE04EC0-301F-11D3-BF4B-00C04F79EFBC}") = "Adwat_bureau_WPF", "Adwat_bureau_WPF\Adwat_bureau_WPF.csproj", "{A097A51D-A144-4C62-81B8-B3A7AC4027A7}"
EndProject
Global
	GlobalSection(SolutionConfigurationPlatforms) = preSolution
		Debug|Any CPU = Debug|Any CPU
		Release|Any CPU = Release|Any CPU
	EndGlobalSection
	GlobalSection(ProjectConfigurationPlatforms) = postSolution
		{A097A51D-A144-4C62-81B8-B3A7AC4027A7}.Debug|Any CPU.ActiveCfg = Debug|Any CPU
		{A097A51D-A144-4C62-81B8-B3A7AC4027A7}.Debug|Any CPU.Build.0 = Debug|Any CPU
		{A097A51D-A144-4C62-81B8-B3A7AC4027A7}.Release|Any CPU.ActiveCfg = Release|Any CPU
		{A097A51D-A144-4C62-81B8-B3A7AC4027A7}.Release|Any CPU.Build.0 = Release|Any CPU
	EndGlobalSection
	GlobalSection(SolutionProperties) = preSolution
		HideSolutionNode = FALSE
	EndGlobalSection
	GlobalSection(ExtensibilityGlobals) = postSolution
		SolutionGuid = {54DC37D6-10CA-4F8B-AF87-60689CEE4B73}
	EndGlobalSection
EndGlobal
